
Microsoft Visual Studio Solution File, Format Version 12.00
Project("{FAE04EC0-301F-11D3-BF4B-00C04F79EFBC}") = "A.Summator", "A.Summator\A.Summator.csproj", "{B35C0EFA-504A-484E-B35E-296259B8528D}"
EndProject
Project("{FAE04EC0-301F-11D3-BF4B-00C04F79EFBC}") = "B.SumForPay", "B.SumForPay\B.SumForPay.csproj", "{C055DD79-37FA-4C58-8E95-6DDDDA785AB2}"
EndProject
Project("{FAE04EC0-301F-11D3-BF4B-00C04F79EFBC}") = "C.Pairs", "C.Pairs\C.Pairs.csproj", "{F6C9FA4D-9667-40EF-84C1-BBBB12497A78}"
EndProject
Global
	GlobalSection(SolutionConfigurationPlatforms) = preSolution
		Debug|Any CPU = Debug|Any CPU
		Release|Any CPU = Release|Any CPU
	EndGlobalSection
	GlobalSection(ProjectConfigurationPlatforms) = postSolution
		{B35C0EFA-504A-484E-B35E-296259B8528D}.Debug|Any CPU.ActiveCfg = Debug|Any CPU
		{B35C0EFA-504A-484E-B35E-296259B8528D}.Debug|Any CPU.Build.0 = Debug|Any CPU
		{B35C0EFA-504A-484E-B35E-296259B8528D}.Release|Any CPU.ActiveCfg = Release|Any CPU
		{B35C0EFA-504A-484E-B35E-296259B8528D}.Release|Any CPU.Build.0 = Release|Any CPU
		{C055DD79-37FA-4C58-8E95-6DDDDA785AB2}.Debug|Any CPU.ActiveCfg = Debug|Any CPU
		{C055DD79-37FA-4C58-8E95-6DDDDA785AB2}.Debug|Any CPU.Build.0 = Debug|Any CPU
		{C055DD79-37FA-4C58-8E95-6DDDDA785AB2}.Release|Any CPU.ActiveCfg = Release|Any CPU
		{C055DD79-37FA-4C58-8E95-6DDDDA785AB2}.Release|Any CPU.Build.0 = Release|Any CPU
		{F6C9FA4D-9667-40EF-84C1-BBBB12497A78}.Debug|Any CPU.ActiveCfg = Debug|Any CPU
		{F6C9FA4D-9667-40EF-84C1-BBBB12497A78}.Debug|Any CPU.Build.0 = Debug|Any CPU
		{F6C9FA4D-9667-40EF-84C1-BBBB12497A78}.Release|Any CPU.ActiveCfg = Release|Any CPU
		{F6C9FA4D-9667-40EF-84C1-BBBB12497A78}.Release|Any CPU.Build.0 = Release|Any CPU
	EndGlobalSection
EndGlobal
